
Microsoft Visual Studio Solution File, Format Version 12.00
# Visual Studio Version 16
VisualStudioVersion = 16.0.28917.181
MinimumVisualStudioVersion = 10.0.40219.1
Project("{FAE04EC0-301F-11D3-BF4B-00C04F79EFBC}") = "StringSimilar", "StringSimilar.csproj", "{3A5D2C1B-D4A8-493F-939B-0CE7B5E47E16}"
EndProject
Global
	GlobalSection(SolutionConfigurationPlatforms) = preSolution
		Debug|Any CPU = Debug|Any CPU
		Release|Any CPU = Release|Any CPU
	EndGlobalSection
	GlobalSection(ProjectConfigurationPlatforms) = postSolution
		{3A5D2C1B-D4A8-493F-939B-0CE7B5E47E16}.Debug|Any CPU.ActiveCfg = Debug|Any CPU
		{3A5D2C1B-D4A8-493F-939B-0CE7B5E47E16}.Debug|Any CPU.Build.0 = Debug|Any CPU
		{3A5D2C1B-D4A8-493F-939B-0CE7B5E47E16}.Release|Any CPU.ActiveCfg = Release|Any CPU
		{3A5D2C1B-D4A8-493F-939B-0CE7B5E47E16}.Release|Any CPU.Build.0 = Release|Any CPU
	EndGlobalSection
	GlobalSection(SolutionProperties) = preSolution
		HideSolutionNode = FALSE
	EndGlobalSection
	GlobalSection(ExtensibilityGlobals) = postSolution
		SolutionGuid = {DBD9FB1B-82C3-4070-A550-46FA0FEC6313}
	EndGlobalSection
EndGlobal
